
Microsoft Visual Studio Solution File, Format Version 12.00
# Visual Studio Version 17
VisualStudioVersion = 17.1.32421.90
MinimumVisualStudioVersion = 10.0.40219.1
Project("{FAE04EC0-301F-11D3-BF4B-00C04F79EFBC}") = "wpfPTf", "wpfPTf\wpfPTf.csproj", "{7CCB0B22-FF23-4B43-A028-29986FAAB079}"
EndProject
Global
	GlobalSection(SolutionConfigurationPlatforms) = preSolution
		Debug|Any CPU = Debug|Any CPU
		Release|Any CPU = Release|Any CPU
	EndGlobalSection
	GlobalSection(ProjectConfigurationPlatforms) = postSolution
		{7CCB0B22-FF23-4B43-A028-29986FAAB079}.Debug|Any CPU.ActiveCfg = Debug|Any CPU
		{7CCB0B22-FF23-4B43-A028-29986FAAB079}.Debug|Any CPU.Build.0 = Debug|Any CPU
		{7CCB0B22-FF23-4B43-A028-29986FAAB079}.Release|Any CPU.ActiveCfg = Release|Any CPU
		{7CCB0B22-FF23-4B43-A028-29986FAAB079}.Release|Any CPU.Build.0 = Release|Any CPU
	EndGlobalSection
	GlobalSection(SolutionProperties) = preSolution
		HideSolutionNode = FALSE
	EndGlobalSection
	GlobalSection(ExtensibilityGlobals) = postSolution
		SolutionGuid = {D7D461D2-48B7-473F-99E4-13825B683259}
	EndGlobalSection
EndGlobal
